// !$*UTF8*$!
{
	archiveVersion = 1;
	classes = {
	};
	objectVersion = 56;
	objects = {

/* Begin PBXBuildFile section */
		2CFF493BB7D8DCDC3E74E559 /* WatherParis5Tests-WatherParis5Mocks.generated.swift in Sources */ = {isa = PBXBuildFile; fileRef = F73266EFCC03A47B4AE420F7 /* WatherParis5Tests-WatherParis5Mocks.generated.swift */; };
		7506AC912903D59600A7A7AE /* WatherParis5App.swift in Sources */ = {isa = PBXBuildFile; fileRef = 7506AC902903D59600A7A7AE /* WatherParis5App.swift */; };
		7506AC932903D59600A7A7AE /* ContentView.swift in Sources */ = {isa = PBXBuildFile; fileRef = 7506AC922903D59600A7A7AE /* ContentView.swift */; };
		7506AC952903D59700A7A7AE /* Assets.xcassets in Resources */ = {isa = PBXBuildFile; fileRef = 7506AC942903D59700A7A7AE /* Assets.xcassets */; };
		7506AC982903D59700A7A7AE /* Preview Assets.xcassets in Resources */ = {isa = PBXBuildFile; fileRef = 7506AC972903D59700A7A7AE /* Preview Assets.xcassets */; };
		7506ACA72903D59800A7A7AE /* WatherParis5Tests.swift in Sources */ = {isa = PBXBuildFile; fileRef = 7506ACA62903D59800A7A7AE /* WatherParis5Tests.swift */; };
		7506ACB12903D59800A7A7AE /* WatherParis5UITests.swift in Sources */ = {isa = PBXBuildFile; fileRef = 7506ACB02903D59800A7A7AE /* WatherParis5UITests.swift */; };
		7506ACB32903D59800A7A7AE /* WatherParis5UITestsLaunchTests.swift in Sources */ = {isa = PBXBuildFile; fileRef = 7506ACB22903D59800A7A7AE /* WatherParis5UITestsLaunchTests.swift */; };
		757BCD9F2903E043000B4BD7 /* CityDTO.swift in Sources */ = {isa = PBXBuildFile; fileRef = 757BCD9E2903E043000B4BD7 /* CityDTO.swift */; };
		757BCDA12903E76F000B4BD7 /* CoordinateDTO.swift in Sources */ = {isa = PBXBuildFile; fileRef = 757BCDA02903E76F000B4BD7 /* CoordinateDTO.swift */; };
		757BCDA32903EAEA000B4BD7 /* WeatherDTO.swift in Sources */ = {isa = PBXBuildFile; fileRef = 757BCDA22903EAEA000B4BD7 /* WeatherDTO.swift */; };
		757BCDA52903EFFA000B4BD7 /* WeatherListItemDTO.swift in Sources */ = {isa = PBXBuildFile; fileRef = 757BCDA42903EFFA000B4BD7 /* WeatherListItemDTO.swift */; };
		757BCDA72903F0B2000B4BD7 /* MainDTO.swift in Sources */ = {isa = PBXBuildFile; fileRef = 757BCDA62903F0B2000B4BD7 /* MainDTO.swift */; };
		757BCDA92903F456000B4BD7 /* CloudsDTO.swift in Sources */ = {isa = PBXBuildFile; fileRef = 757BCDA82903F456000B4BD7 /* CloudsDTO.swift */; };
		757BCDAB2903F603000B4BD7 /* WindDTO.swift in Sources */ = {isa = PBXBuildFile; fileRef = 757BCDAA2903F603000B4BD7 /* WindDTO.swift */; };
		757BCDAD2904034B000B4BD7 /* SysDTO.swift in Sources */ = {isa = PBXBuildFile; fileRef = 757BCDAC2904034B000B4BD7 /* SysDTO.swift */; };
		757BCDAF29040B6F000B4BD7 /* ResponseDTO.swift in Sources */ = {isa = PBXBuildFile; fileRef = 757BCDAE29040B6F000B4BD7 /* ResponseDTO.swift */; };
		757BCDB229040E28000B4BD7 /* Alamofire in Frameworks */ = {isa = PBXBuildFile; productRef = 757BCDB129040E28000B4BD7 /* Alamofire */; };
		757BCDB6290415D4000B4BD7 /* Kingfisher in Frameworks */ = {isa = PBXBuildFile; productRef = 757BCDB5290415D4000B4BD7 /* Kingfisher */; };
		757BCDB829043748000B4BD7 /* HomeView.swift in Sources */ = {isa = PBXBuildFile; fileRef = 757BCDB729043748000B4BD7 /* HomeView.swift */; };
		757BCDBB2904375D000B4BD7 /* HomeModel.swift in Sources */ = {isa = PBXBuildFile; fileRef = 757BCDBA2904375D000B4BD7 /* HomeModel.swift */; };
		757BCDBD29043766000B4BD7 /* HomeViewModel.swift in Sources */ = {isa = PBXBuildFile; fileRef = 757BCDBC29043766000B4BD7 /* HomeViewModel.swift */; };
		75C3234B290531F200843E59 /* CityBO.swift in Sources */ = {isa = PBXBuildFile; fileRef = 75C3234A290531F200843E59 /* CityBO.swift */; };
		75C3234D290531FD00843E59 /* CoordinateBO.swift in Sources */ = {isa = PBXBuildFile; fileRef = 75C3234C290531FD00843E59 /* CoordinateBO.swift */; };
		75C3234F2905320900843E59 /* WeatherBO.swift in Sources */ = {isa = PBXBuildFile; fileRef = 75C3234E2905320900843E59 /* WeatherBO.swift */; };
		75C323512905322500843E59 /* WeatherListItemBO.swift in Sources */ = {isa = PBXBuildFile; fileRef = 75C323502905322500843E59 /* WeatherListItemBO.swift */; };
		75C323532905322F00843E59 /* MainBO.swift in Sources */ = {isa = PBXBuildFile; fileRef = 75C323522905322F00843E59 /* MainBO.swift */; };
		75C323552905323C00843E59 /* CloudsBO.swift in Sources */ = {isa = PBXBuildFile; fileRef = 75C323542905323C00843E59 /* CloudsBO.swift */; };
		75C323572905324A00843E59 /* WindBO.swift in Sources */ = {isa = PBXBuildFile; fileRef = 75C323562905324A00843E59 /* WindBO.swift */; };
		75C323592905325700843E59 /* SysBO.swift in Sources */ = {isa = PBXBuildFile; fileRef = 75C323582905325700843E59 /* SysBO.swift */; };
		75C3235B2905326100843E59 /* ResponseBO.swift in Sources */ = {isa = PBXBuildFile; fileRef = 75C3235A2905326100843E59 /* ResponseBO.swift */; };
		75C3235D2905445900843E59 /* WeatherInfoRepository.swift in Sources */ = {isa = PBXBuildFile; fileRef = 75C3235C2905445900843E59 /* WeatherInfoRepository.swift */; };
		75C3235F2905831500843E59 /* FetchWeatherAPI.swift in Sources */ = {isa = PBXBuildFile; fileRef = 75C3235E2905831500843E59 /* FetchWeatherAPI.swift */; };
		75C323622905852000843E59 /* APIConstants.swift in Sources */ = {isa = PBXBuildFile; fileRef = 75C323612905852000843E59 /* APIConstants.swift */; };
		75CA54C8290F1B6100BE00AA /* Mockingbird in Frameworks */ = {isa = PBXBuildFile; productRef = 75CA54C7290F1B6100BE00AA /* Mockingbird */; };
		75CA54CA290F1B9D00BE00AA /* Realm in Frameworks */ = {isa = PBXBuildFile; productRef = 75CA54C9290F1B9D00BE00AA /* Realm */; };
		75CA54CC290F1BA200BE00AA /* Alamofire in Frameworks */ = {isa = PBXBuildFile; productRef = 75CA54CB290F1BA200BE00AA /* Alamofire */; };
		75E27B7E29083BCF00BC7BEE /* Realm in Frameworks */ = {isa = PBXBuildFile; productRef = 75E27B7D29083BCF00BC7BEE /* Realm */; };
		75E27B8029083BCF00BC7BEE /* RealmSwift in Frameworks */ = {isa = PBXBuildFile; productRef = 75E27B7F29083BCF00BC7BEE /* RealmSwift */; };
		75E27B8329083E1600BC7BEE /* Database.swift in Sources */ = {isa = PBXBuildFile; fileRef = 75E27B8229083E1600BC7BEE /* Database.swift */; };
		75E27B8629083EC400BC7BEE /* DBModels.swift in Sources */ = {isa = PBXBuildFile; fileRef = 75E27B8529083EC400BC7BEE /* DBModels.swift */; };
		75E27B88290869CF00BC7BEE /* DBMappers.swift in Sources */ = {isa = PBXBuildFile; fileRef = 75E27B87290869CF00BC7BEE /* DBMappers.swift */; };
		75E27B8B290AE69700BC7BEE /* DayCellView.swift in Sources */ = {isa = PBXBuildFile; fileRef = 75E27B8A290AE69700BC7BEE /* DayCellView.swift */; };
		75E27B8E290B098700BC7BEE /* DetailView.swift in Sources */ = {isa = PBXBuildFile; fileRef = 75E27B8D290B098700BC7BEE /* DetailView.swift */; };
/* End PBXBuildFile section */

/* Begin PBXContainerItemProxy section */
		7506ACA32903D59800A7A7AE /* PBXContainerItemProxy */ = {
			isa = PBXContainerItemProxy;
			containerPortal = 7506AC852903D59600A7A7AE /* Project object */;
			proxyType = 1;
			remoteGlobalIDString = 7506AC8C2903D59600A7A7AE;
			remoteInfo = WatherParis5;
		};
		7506ACAD2903D59800A7A7AE /* PBXContainerItemProxy */ = {
			isa = PBXContainerItemProxy;
			containerPortal = 7506AC852903D59600A7A7AE /* Project object */;
			proxyType = 1;
			remoteGlobalIDString = 7506AC8C2903D59600A7A7AE;
			remoteInfo = WatherParis5;
		};
/* End PBXContainerItemProxy section */

/* Begin PBXFileReference section */
		7506AC8D2903D59600A7A7AE /* WatherParis5.app */ = {isa = PBXFileReference; explicitFileType = wrapper.application; includeInIndex = 0; path = WatherParis5.app; sourceTree = BUILT_PRODUCTS_DIR; };
		7506AC902903D59600A7A7AE /* WatherParis5App.swift */ = {isa = PBXFileReference; lastKnownFileType = sourcecode.swift; path = WatherParis5App.swift; sourceTree = "<group>"; };
		7506AC922903D59600A7A7AE /* ContentView.swift */ = {isa = PBXFileReference; lastKnownFileType = sourcecode.swift; path = ContentView.swift; sourceTree = "<group>"; };
		7506AC942903D59700A7A7AE /* Assets.xcassets */ = {isa = PBXFileReference; lastKnownFileType = folder.assetcatalog; path = Assets.xcassets; sourceTree = "<group>"; };
		7506AC972903D59700A7A7AE /* Preview Assets.xcassets */ = {isa = PBXFileReference; lastKnownFileType = folder.assetcatalog; path = "Preview Assets.xcassets"; sourceTree = "<group>"; };
		7506ACA22903D59800A7A7AE /* WatherParis5Tests.xctest */ = {isa = PBXFileReference; explicitFileType = wrapper.cfbundle; includeInIndex = 0; path = WatherParis5Tests.xctest; sourceTree = BUILT_PRODUCTS_DIR; };
		7506ACA62903D59800A7A7AE /* WatherParis5Tests.swift */ = {isa = PBXFileReference; lastKnownFileType = sourcecode.swift; path = WatherParis5Tests.swift; sourceTree = "<group>"; };
		7506ACAC2903D59800A7A7AE /* WatherParis5UITests.xctest */ = {isa = PBXFileReference; explicitFileType = wrapper.cfbundle; includeInIndex = 0; path = WatherParis5UITests.xctest; sourceTree = BUILT_PRODUCTS_DIR; };
		7506ACB02903D59800A7A7AE /* WatherParis5UITests.swift */ = {isa = PBXFileReference; lastKnownFileType = sourcecode.swift; path = WatherParis5UITests.swift; sourceTree = "<group>"; };
		7506ACB22903D59800A7A7AE /* WatherParis5UITestsLaunchTests.swift */ = {isa = PBXFileReference; lastKnownFileType = sourcecode.swift; path = WatherParis5UITestsLaunchTests.swift; sourceTree = "<group>"; };
		757BCD9E2903E043000B4BD7 /* CityDTO.swift */ = {isa = PBXFileReference; lastKnownFileType = sourcecode.swift; path = CityDTO.swift; sourceTree = "<group>"; };
		757BCDA02903E76F000B4BD7 /* CoordinateDTO.swift */ = {isa = PBXFileReference; lastKnownFileType = sourcecode.swift; path = CoordinateDTO.swift; sourceTree = "<group>"; };
		757BCDA22903EAEA000B4BD7 /* WeatherDTO.swift */ = {isa = PBXFileReference; lastKnownFileType = sourcecode.swift; path = WeatherDTO.swift; sourceTree = "<group>"; };
		757BCDA42903EFFA000B4BD7 /* WeatherListItemDTO.swift */ = {isa = PBXFileReference; lastKnownFileType = sourcecode.swift; path = WeatherListItemDTO.swift; sourceTree = "<group>"; };
		757BCDA62903F0B2000B4BD7 /* MainDTO.swift */ = {isa = PBXFileReference; lastKnownFileType = sourcecode.swift; path = MainDTO.swift; sourceTree = "<group>"; };
		757BCDA82903F456000B4BD7 /* CloudsDTO.swift */ = {isa = PBXFileReference; lastKnownFileType = sourcecode.swift; path = CloudsDTO.swift; sourceTree = "<group>"; };
		757BCDAA2903F603000B4BD7 /* WindDTO.swift */ = {isa = PBXFileReference; lastKnownFileType = sourcecode.swift; path = WindDTO.swift; sourceTree = "<group>"; };
		757BCDAC2904034B000B4BD7 /* SysDTO.swift */ = {isa = PBXFileReference; lastKnownFileType = sourcecode.swift; path = SysDTO.swift; sourceTree = "<group>"; };
		757BCDAE29040B6F000B4BD7 /* ResponseDTO.swift */ = {isa = PBXFileReference; lastKnownFileType = sourcecode.swift; path = ResponseDTO.swift; sourceTree = "<group>"; };
		757BCDB729043748000B4BD7 /* HomeView.swift */ = {isa = PBXFileReference; lastKnownFileType = sourcecode.swift; path = HomeView.swift; sourceTree = "<group>"; };
		757BCDBA2904375D000B4BD7 /* HomeModel.swift */ = {isa = PBXFileReference; lastKnownFileType = sourcecode.swift; path = HomeModel.swift; sourceTree = "<group>"; };
		757BCDBC29043766000B4BD7 /* HomeViewModel.swift */ = {isa = PBXFileReference; lastKnownFileType = sourcecode.swift; path = HomeViewModel.swift; sourceTree = "<group>"; };
		75C3234A290531F200843E59 /* CityBO.swift */ = {isa = PBXFileReference; lastKnownFileType = sourcecode.swift; path = CityBO.swift; sourceTree = "<group>"; };
		75C3234C290531FD00843E59 /* CoordinateBO.swift */ = {isa = PBXFileReference; lastKnownFileType = sourcecode.swift; path = CoordinateBO.swift; sourceTree = "<group>"; };
		75C3234E2905320900843E59 /* WeatherBO.swift */ = {isa = PBXFileReference; lastKnownFileType = sourcecode.swift; path = WeatherBO.swift; sourceTree = "<group>"; };
		75C323502905322500843E59 /* WeatherListItemBO.swift */ = {isa = PBXFileReference; lastKnownFileType = sourcecode.swift; path = WeatherListItemBO.swift; sourceTree = "<group>"; };
		75C323522905322F00843E59 /* MainBO.swift */ = {isa = PBXFileReference; lastKnownFileType = sourcecode.swift; path = MainBO.swift; sourceTree = "<group>"; };
		75C323542905323C00843E59 /* CloudsBO.swift */ = {isa = PBXFileReference; lastKnownFileType = sourcecode.swift; path = CloudsBO.swift; sourceTree = "<group>"; };
		75C323562905324A00843E59 /* WindBO.swift */ = {isa = PBXFileReference; lastKnownFileType = sourcecode.swift; path = WindBO.swift; sourceTree = "<group>"; };
		75C323582905325700843E59 /* SysBO.swift */ = {isa = PBXFileReference; lastKnownFileType = sourcecode.swift; path = SysBO.swift; sourceTree = "<group>"; };
		75C3235A2905326100843E59 /* ResponseBO.swift */ = {isa = PBXFileReference; lastKnownFileType = sourcecode.swift; path = ResponseBO.swift; sourceTree = "<group>"; };
		75C3235C2905445900843E59 /* WeatherInfoRepository.swift */ = {isa = PBXFileReference; lastKnownFileType = sourcecode.swift; path = WeatherInfoRepository.swift; sourceTree = "<group>"; };
		75C3235E2905831500843E59 /* FetchWeatherAPI.swift */ = {isa = PBXFileReference; lastKnownFileType = sourcecode.swift; path = FetchWeatherAPI.swift; sourceTree = "<group>"; };
		75C323612905852000843E59 /* APIConstants.swift */ = {isa = PBXFileReference; lastKnownFileType = sourcecode.swift; path = APIConstants.swift; sourceTree = "<group>"; };
		75E27B8229083E1600BC7BEE /* Database.swift */ = {isa = PBXFileReference; lastKnownFileType = sourcecode.swift; path = Database.swift; sourceTree = "<group>"; };
		75E27B8529083EC400BC7BEE /* DBModels.swift */ = {isa = PBXFileReference; lastKnownFileType = sourcecode.swift; path = DBModels.swift; sourceTree = "<group>"; };
		75E27B87290869CF00BC7BEE /* DBMappers.swift */ = {isa = PBXFileReference; lastKnownFileType = sourcecode.swift; path = DBMappers.swift; sourceTree = "<group>"; };
		75E27B8A290AE69700BC7BEE /* DayCellView.swift */ = {isa = PBXFileReference; lastKnownFileType = sourcecode.swift; path = DayCellView.swift; sourceTree = "<group>"; };
		75E27B8D290B098700BC7BEE /* DetailView.swift */ = {isa = PBXFileReference; lastKnownFileType = sourcecode.swift; path = DetailView.swift; sourceTree = "<group>"; };
		F73266EFCC03A47B4AE420F7 /* WatherParis5Tests-WatherParis5Mocks.generated.swift */ = {isa = PBXFileReference; explicitFileType = sourcecode.swift; lastKnownFileType = sourcecode.swift; name = "WatherParis5Tests-WatherParis5Mocks.generated.swift"; path = "MockingbirdMocks/WatherParis5Tests-WatherParis5Mocks.generated.swift"; sourceTree = "<group>"; };
/* End PBXFileReference section */

/* Begin PBXFrameworksBuildPhase section */
		7506AC8A2903D59600A7A7AE /* Frameworks */ = {
			isa = PBXFrameworksBuildPhase;
			buildActionMask = 2147483647;
			files = (
				75E27B8029083BCF00BC7BEE /* RealmSwift in Frameworks */,
				75E27B7E29083BCF00BC7BEE /* Realm in Frameworks */,
				757BCDB6290415D4000B4BD7 /* Kingfisher in Frameworks */,
				757BCDB229040E28000B4BD7 /* Alamofire in Frameworks */,
			);
			runOnlyForDeploymentPostprocessing = 0;
		};
		7506AC9F2903D59800A7A7AE /* Frameworks */ = {
			isa = PBXFrameworksBuildPhase;
			buildActionMask = 2147483647;
			files = (
				75CA54CC290F1BA200BE00AA /* Alamofire in Frameworks */,
				75CA54CA290F1B9D00BE00AA /* Realm in Frameworks */,
				75CA54C8290F1B6100BE00AA /* Mockingbird in Frameworks */,
			);
			runOnlyForDeploymentPostprocessing = 0;
		};
		7506ACA92903D59800A7A7AE /* Frameworks */ = {
			isa = PBXFrameworksBuildPhase;
			buildActionMask = 2147483647;
			files = (
			);
			runOnlyForDeploymentPostprocessing = 0;
		};
/* End PBXFrameworksBuildPhase section */

/* Begin PBXGroup section */
		7506AC842903D59600A7A7AE = {
			isa = PBXGroup;
			children = (
				7506AC8F2903D59600A7A7AE /* WatherParis5 */,
				7506ACA52903D59800A7A7AE /* WatherParis5Tests */,
				7506ACAF2903D59800A7A7AE /* WatherParis5UITests */,
				7506AC8E2903D59600A7A7AE /* Products */,
				75CA54C6290F1B6100BE00AA /* Frameworks */,
				AEFDE388416DC896AFEAA452 /* Generated Mocks */,
			);
			sourceTree = "<group>";
		};
		7506AC8E2903D59600A7A7AE /* Products */ = {
			isa = PBXGroup;
			children = (
				7506AC8D2903D59600A7A7AE /* WatherParis5.app */,
				7506ACA22903D59800A7A7AE /* WatherParis5Tests.xctest */,
				7506ACAC2903D59800A7A7AE /* WatherParis5UITests.xctest */,
			);
			name = Products;
			sourceTree = "<group>";
		};
		7506AC8F2903D59600A7A7AE /* WatherParis5 */ = {
			isa = PBXGroup;
			children = (
				757BCD9A2903DEA7000B4BD7 /* businessobjects */,
				757BCDB329040EFD000B4BD7 /* repository */,
				757BCD9B2903DEB1000B4BD7 /* ui */,
				7506AC902903D59600A7A7AE /* WatherParis5App.swift */,
				7506AC922903D59600A7A7AE /* ContentView.swift */,
				7506AC942903D59700A7A7AE /* Assets.xcassets */,
				7506AC962903D59700A7A7AE /* Preview Content */,
			);
			path = WatherParis5;
			sourceTree = "<group>";
		};
		7506AC962903D59700A7A7AE /* Preview Content */ = {
			isa = PBXGroup;
			children = (
				7506AC972903D59700A7A7AE /* Preview Assets.xcassets */,
			);
			path = "Preview Content";
			sourceTree = "<group>";
		};
		7506ACA52903D59800A7A7AE /* WatherParis5Tests */ = {
			isa = PBXGroup;
			children = (
				7506ACA62903D59800A7A7AE /* WatherParis5Tests.swift */,
			);
			path = WatherParis5Tests;
			sourceTree = "<group>";
		};
		7506ACAF2903D59800A7A7AE /* WatherParis5UITests */ = {
			isa = PBXGroup;
			children = (
				7506ACB02903D59800A7A7AE /* WatherParis5UITests.swift */,
				7506ACB22903D59800A7A7AE /* WatherParis5UITestsLaunchTests.swift */,
			);
			path = WatherParis5UITests;
			sourceTree = "<group>";
		};
		757BCD992903DE9C000B4BD7 /* Api */ = {
			isa = PBXGroup;
			children = (
				75C323602905851200843E59 /* APIConstants */,
				757BCD9D2903DFE7000B4BD7 /* Calls */,
				757BCD9C2903DFDF000B4BD7 /* DTO */,
			);
			path = Api;
			sourceTree = "<group>";
		};
		757BCD9A2903DEA7000B4BD7 /* businessobjects */ = {
			isa = PBXGroup;
			children = (
				75C3234A290531F200843E59 /* CityBO.swift */,
				75C3234C290531FD00843E59 /* CoordinateBO.swift */,
				75C3234E2905320900843E59 /* WeatherBO.swift */,
				75C323502905322500843E59 /* WeatherListItemBO.swift */,
				75C323522905322F00843E59 /* MainBO.swift */,
				75C323542905323C00843E59 /* CloudsBO.swift */,
				75C323562905324A00843E59 /* WindBO.swift */,
				75C323582905325700843E59 /* SysBO.swift */,
				75C3235A2905326100843E59 /* ResponseBO.swift */,
			);
			path = businessobjects;
			sourceTree = "<group>";
		};
		757BCD9B2903DEB1000B4BD7 /* ui */ = {
			isa = PBXGroup;
			children = (
				757BCDB92904374C000B4BD7 /* homeScene */,
			);
			path = ui;
			sourceTree = "<group>";
		};
		757BCD9C2903DFDF000B4BD7 /* DTO */ = {
			isa = PBXGroup;
			children = (
				757BCD9E2903E043000B4BD7 /* CityDTO.swift */,
				757BCDA02903E76F000B4BD7 /* CoordinateDTO.swift */,
				757BCDA22903EAEA000B4BD7 /* WeatherDTO.swift */,
				757BCDA42903EFFA000B4BD7 /* WeatherListItemDTO.swift */,
				757BCDA62903F0B2000B4BD7 /* MainDTO.swift */,
				757BCDA82903F456000B4BD7 /* CloudsDTO.swift */,
				757BCDAA2903F603000B4BD7 /* WindDTO.swift */,
				757BCDAC2904034B000B4BD7 /* SysDTO.swift */,
				757BCDAE29040B6F000B4BD7 /* ResponseDTO.swift */,
			);
			path = DTO;
			sourceTree = "<group>";
		};
		757BCD9D2903DFE7000B4BD7 /* Calls */ = {
			isa = PBXGroup;
			children = (
				75C3235E2905831500843E59 /* FetchWeatherAPI.swift */,
			);
			path = Calls;
			sourceTree = "<group>";
		};
		757BCDB329040EFD000B4BD7 /* repository */ = {
			isa = PBXGroup;
			children = (
				75E27B8129083D4F00BC7BEE /* database */,
				757BCD992903DE9C000B4BD7 /* Api */,
				75C3235C2905445900843E59 /* WeatherInfoRepository.swift */,
			);
			path = repository;
			sourceTree = "<group>";
		};
		757BCDB92904374C000B4BD7 /* homeScene */ = {
			isa = PBXGroup;
			children = (
				75E27B89290AE68400BC7BEE /* subviews */,
				757BCDB729043748000B4BD7 /* HomeView.swift */,
				757BCDBA2904375D000B4BD7 /* HomeModel.swift */,
				757BCDBC29043766000B4BD7 /* HomeViewModel.swift */,
			);
			path = homeScene;
			sourceTree = "<group>";
		};
		75C323602905851200843E59 /* APIConstants */ = {
			isa = PBXGroup;
			children = (
				75C323612905852000843E59 /* APIConstants.swift */,
			);
			path = APIConstants;
			sourceTree = "<group>";
		};
		75CA54C6290F1B6100BE00AA /* Frameworks */ = {
			isa = PBXGroup;
			children = (
			);
			name = Frameworks;
			sourceTree = "<group>";
		};
		75E27B8129083D4F00BC7BEE /* database */ = {
			isa = PBXGroup;
			children = (
				75E27B8429083EB200BC7BEE /* DBModels */,
				75E27B8229083E1600BC7BEE /* Database.swift */,
				75E27B87290869CF00BC7BEE /* DBMappers.swift */,
			);
			path = database;
			sourceTree = "<group>";
		};
		75E27B8429083EB200BC7BEE /* DBModels */ = {
			isa = PBXGroup;
			children = (
				75E27B8529083EC400BC7BEE /* DBModels.swift */,
			);
			path = DBModels;
			sourceTree = "<group>";
		};
		75E27B89290AE68400BC7BEE /* subviews */ = {
			isa = PBXGroup;
			children = (
				75E27B8D290B098700BC7BEE /* DetailView.swift */,
				75E27B8A290AE69700BC7BEE /* DayCellView.swift */,
			);
			path = subviews;
			sourceTree = "<group>";
		};
		AEFDE388416DC896AFEAA452 /* Generated Mocks */ = {
			isa = PBXGroup;
			children = (
				F73266EFCC03A47B4AE420F7 /* WatherParis5Tests-WatherParis5Mocks.generated.swift */,
			);
			name = "Generated Mocks";
			sourceTree = "<group>";
		};
/* End PBXGroup section */

/* Begin PBXNativeTarget section */
		7506AC8C2903D59600A7A7AE /* WatherParis5 */ = {
			isa = PBXNativeTarget;
			buildConfigurationList = 7506ACB62903D59800A7A7AE /* Build configuration list for PBXNativeTarget "WatherParis5" */;
			buildPhases = (
				7506AC892903D59600A7A7AE /* Sources */,
				7506AC8A2903D59600A7A7AE /* Frameworks */,
				7506AC8B2903D59600A7A7AE /* Resources */,
			);
			buildRules = (
			);
			dependencies = (
			);
			name = WatherParis5;
			packageProductDependencies = (
				757BCDB129040E28000B4BD7 /* Alamofire */,
				757BCDB5290415D4000B4BD7 /* Kingfisher */,
				75E27B7D29083BCF00BC7BEE /* Realm */,
				75E27B7F29083BCF00BC7BEE /* RealmSwift */,
			);
			productName = WatherParis5;
			productReference = 7506AC8D2903D59600A7A7AE /* WatherParis5.app */;
			productType = "com.apple.product-type.application";
		};
		7506ACA12903D59800A7A7AE /* WatherParis5Tests */ = {
			isa = PBXNativeTarget;
			buildConfigurationList = 7506ACB92903D59800A7A7AE /* Build configuration list for PBXNativeTarget "WatherParis5Tests" */;
			buildPhases = (
				7868506F447591AFAD1FC15C /* Generate Mockingbird Mocks */,
				7506AC9E2903D59800A7A7AE /* Sources */,
				7506AC9F2903D59800A7A7AE /* Frameworks */,
				7506ACA02903D59800A7A7AE /* Resources */,
			);
			buildRules = (
			);
			dependencies = (
				75CA54CE290F25BF00BE00AA /* PBXTargetDependency */,
				7506ACA42903D59800A7A7AE /* PBXTargetDependency */,
			);
			name = WatherParis5Tests;
			packageProductDependencies = (
				75CA54C7290F1B6100BE00AA /* Mockingbird */,
				75CA54C9290F1B9D00BE00AA /* Realm */,
				75CA54CB290F1BA200BE00AA /* Alamofire */,
			);
			productName = WatherParis5Tests;
			productReference = 7506ACA22903D59800A7A7AE /* WatherParis5Tests.xctest */;
			productType = "com.apple.product-type.bundle.unit-test";
		};
		7506ACAB2903D59800A7A7AE /* WatherParis5UITests */ = {
			isa = PBXNativeTarget;
			buildConfigurationList = 7506ACBC2903D59800A7A7AE /* Build configuration list for PBXNativeTarget "WatherParis5UITests" */;
			buildPhases = (
				7506ACA82903D59800A7A7AE /* Sources */,
				7506ACA92903D59800A7A7AE /* Frameworks */,
				7506ACAA2903D59800A7A7AE /* Resources */,
			);
			buildRules = (
			);
			dependencies = (
				7506ACAE2903D59800A7A7AE /* PBXTargetDependency */,
			);
			name = WatherParis5UITests;
			productName = WatherParis5UITests;
			productReference = 7506ACAC2903D59800A7A7AE /* WatherParis5UITests.xctest */;
			productType = "com.apple.product-type.bundle.ui-testing";
		};
/* End PBXNativeTarget section */

/* Begin PBXProject section */
		7506AC852903D59600A7A7AE /* Project object */ = {
			isa = PBXProject;
			attributes = {
				BuildIndependentTargetsInParallel = 1;
				LastSwiftUpdateCheck = 1400;
				LastUpgradeCheck = 1400;
				TargetAttributes = {
					7506AC8C2903D59600A7A7AE = {
						CreatedOnToolsVersion = 14.0.1;
					};
					7506ACA12903D59800A7A7AE = {
						CreatedOnToolsVersion = 14.0.1;
						TestTargetID = 7506AC8C2903D59600A7A7AE;
					};
					7506ACAB2903D59800A7A7AE = {
						CreatedOnToolsVersion = 14.0.1;
						TestTargetID = 7506AC8C2903D59600A7A7AE;
					};
				};
			};
			buildConfigurationList = 7506AC882903D59600A7A7AE /* Build configuration list for PBXProject "WatherParis5" */;
			compatibilityVersion = "Xcode 14.0";
			developmentRegion = en;
			hasScannedForEncodings = 0;
			knownRegions = (
				en,
				Base,
			);
			mainGroup = 7506AC842903D59600A7A7AE;
			packageReferences = (
				757BCDB029040E28000B4BD7 /* XCRemoteSwiftPackageReference "Alamofire" */,
				757BCDB4290415D3000B4BD7 /* XCRemoteSwiftPackageReference "Kingfisher" */,
				75E27B7C29083BCF00BC7BEE /* XCRemoteSwiftPackageReference "realm-swift" */,
				75CA54C3290F1B5600BE00AA /* XCRemoteSwiftPackageReference "mockingbird" */,
			);
			productRefGroup = 7506AC8E2903D59600A7A7AE /* Products */;
			projectDirPath = "";
			projectRoot = "";
			targets = (
				7506AC8C2903D59600A7A7AE /* WatherParis5 */,
				7506ACA12903D59800A7A7AE /* WatherParis5Tests */,
				7506ACAB2903D59800A7A7AE /* WatherParis5UITests */,
			);
		};
/* End PBXProject section */

/* Begin PBXResourcesBuildPhase section */
		7506AC8B2903D59600A7A7AE /* Resources */ = {
			isa = PBXResourcesBuildPhase;
			buildActionMask = 2147483647;
			files = (
				7506AC982903D59700A7A7AE /* Preview Assets.xcassets in Resources */,
				7506AC952903D59700A7A7AE /* Assets.xcassets in Resources */,
			);
			runOnlyForDeploymentPostprocessing = 0;
		};
		7506ACA02903D59800A7A7AE /* Resources */ = {
			isa = PBXResourcesBuildPhase;
			buildActionMask = 2147483647;
			files = (
			);
			runOnlyForDeploymentPostprocessing = 0;
		};
		7506ACAA2903D59800A7A7AE /* Resources */ = {
			isa = PBXResourcesBuildPhase;
			buildActionMask = 2147483647;
			files = (
			);
			runOnlyForDeploymentPostprocessing = 0;
		};
/* End PBXResourcesBuildPhase section */

/* Begin PBXShellScriptBuildPhase section */
		7868506F447591AFAD1FC15C /* Generate Mockingbird Mocks */ = {
			isa = PBXShellScriptBuildPhase;
			alwaysOutOfDate = 1;
			buildActionMask = 2147483647;
			files = (
			);
			inputPaths = (
			);
			name = "Generate Mockingbird Mocks";
			outputPaths = (
				"$(SRCROOT)/MockingbirdMocks/WatherParis5Tests-WatherParis5Mocks.generated.swift",
			);
			runOnlyForDeploymentPostprocessing = 0;
			shellPath = /bin/sh;
			shellScript = "set -eu\n\n# Prevent Xcode 13 from running this script while indexing.\n[[ \"${ACTION}\" == \"indexbuild\" ]] && exit 0\n\n# Infer the derived data location from the build environment.\n[[ -z \"${DERIVED_DATA+x}\" ]] && DERIVED_DATA=\"$(echo \"${BUILD_ROOT}\" | sed -n 's|\\(.*\\)/Build/.*|\\1|p')\"\n\n\"${DERIVED_DATA}/SourcePackages/checkouts/mockingbird/mockingbird\" generate --targets \"WatherParis5\" --outputs \"${SRCROOT}/MockingbirdMocks/WatherParis5Tests-WatherParis5Mocks.generated.swift\"";
		};
/* End PBXShellScriptBuildPhase section */

/* Begin PBXSourcesBuildPhase section */
		7506AC892903D59600A7A7AE /* Sources */ = {
			isa = PBXSourcesBuildPhase;
			buildActionMask = 2147483647;
			files = (
				757BCD9F2903E043000B4BD7 /* CityDTO.swift in Sources */,
				75E27B88290869CF00BC7BEE /* DBMappers.swift in Sources */,
				75C3235B2905326100843E59 /* ResponseBO.swift in Sources */,
				757BCDB829043748000B4BD7 /* HomeView.swift in Sources */,
				757BCDAF29040B6F000B4BD7 /* ResponseDTO.swift in Sources */,
				75E27B8B290AE69700BC7BEE /* DayCellView.swift in Sources */,
				75C323532905322F00843E59 /* MainBO.swift in Sources */,
				757BCDBD29043766000B4BD7 /* HomeViewModel.swift in Sources */,
				757BCDAB2903F603000B4BD7 /* WindDTO.swift in Sources */,
				75C323592905325700843E59 /* SysBO.swift in Sources */,
				75C323622905852000843E59 /* APIConstants.swift in Sources */,
				75C3235F2905831500843E59 /* FetchWeatherAPI.swift in Sources */,
				75C3234F2905320900843E59 /* WeatherBO.swift in Sources */,
				75C323512905322500843E59 /* WeatherListItemBO.swift in Sources */,
				757BCDA52903EFFA000B4BD7 /* WeatherListItemDTO.swift in Sources */,
				75C3234D290531FD00843E59 /* CoordinateBO.swift in Sources */,
				75E27B8E290B098700BC7BEE /* DetailView.swift in Sources */,
				75C323572905324A00843E59 /* WindBO.swift in Sources */,
				757BCDA12903E76F000B4BD7 /* CoordinateDTO.swift in Sources */,
				757BCDBB2904375D000B4BD7 /* HomeModel.swift in Sources */,
				75C323552905323C00843E59 /* CloudsBO.swift in Sources */,
				757BCDA92903F456000B4BD7 /* CloudsDTO.swift in Sources */,
				75E27B8629083EC400BC7BEE /* DBModels.swift in Sources */,
				757BCDA32903EAEA000B4BD7 /* WeatherDTO.swift in Sources */,
				75C3235D2905445900843E59 /* WeatherInfoRepository.swift in Sources */,
				7506AC932903D59600A7A7AE /* ContentView.swift in Sources */,
				75C3234B290531F200843E59 /* CityBO.swift in Sources */,
				757BCDAD2904034B000B4BD7 /* SysDTO.swift in Sources */,
				75E27B8329083E1600BC7BEE /* Database.swift in Sources */,
				757BCDA72903F0B2000B4BD7 /* MainDTO.swift in Sources */,
				7506AC912903D59600A7A7AE /* WatherParis5App.swift in Sources */,
			);
			runOnlyForDeploymentPostprocessing = 0;
		};
		7506AC9E2903D59800A7A7AE /* Sources */ = {
			isa = PBXSourcesBuildPhase;
			buildActionMask = 2147483647;
			files = (
				7506ACA72903D59800A7A7AE /* WatherParis5Tests.swift in Sources */,
				2CFF493BB7D8DCDC3E74E559 /* WatherParis5Tests-WatherParis5Mocks.generated.swift in Sources */,
			);
			runOnlyForDeploymentPostprocessing = 0;
		};
		7506ACA82903D59800A7A7AE /* Sources */ = {
			isa = PBXSourcesBuildPhase;
			buildActionMask = 2147483647;
			files = (
				7506ACB12903D59800A7A7AE /* WatherParis5UITests.swift in Sources */,
				7506ACB32903D59800A7A7AE /* WatherParis5UITestsLaunchTests.swift in Sources */,
			);
			runOnlyForDeploymentPostprocessing = 0;
		};
/* End PBXSourcesBuildPhase section */

/* Begin PBXTargetDependency section */
		7506ACA42903D59800A7A7AE /* PBXTargetDependency */ = {
			isa = PBXTargetDependency;
			target = 7506AC8C2903D59600A7A7AE /* WatherParis5 */;
			targetProxy = 7506ACA32903D59800A7A7AE /* PBXContainerItemProxy */;
		};
		7506ACAE2903D59800A7A7AE /* PBXTargetDependency */ = {
			isa = PBXTargetDependency;
			target = 7506AC8C2903D59600A7A7AE /* WatherParis5 */;
			targetProxy = 7506ACAD2903D59800A7A7AE /* PBXContainerItemProxy */;
		};
		75CA54CE290F25BF00BE00AA /* PBXTargetDependency */ = {
			isa = PBXTargetDependency;
			productRef = 75CA54CD290F25BF00BE00AA /* Mockingbird */;
		};
/* End PBXTargetDependency section */

/* Begin XCBuildConfiguration section */
		7506ACB42903D59800A7A7AE /* Debug */ = {
			isa = XCBuildConfiguration;
			buildSettings = {
				ALWAYS_SEARCH_USER_PATHS = NO;
				CLANG_ANALYZER_NONNULL = YES;
				CLANG_ANALYZER_NUMBER_OBJECT_CONVERSION = YES_AGGRESSIVE;
				CLANG_CXX_LANGUAGE_STANDARD = "gnu++20";
				CLANG_ENABLE_MODULES = YES;
				CLANG_ENABLE_OBJC_ARC = YES;
				CLANG_ENABLE_OBJC_WEAK = YES;
				CLANG_WARN_BLOCK_CAPTURE_AUTORELEASING = YES;
				CLANG_WARN_BOOL_CONVERSION = YES;
				CLANG_WARN_COMMA = YES;
				CLANG_WARN_CONSTANT_CONVERSION = YES;
				CLANG_WARN_DEPRECATED_OBJC_IMPLEMENTATIONS = YES;
				CLANG_WARN_DIRECT_OBJC_ISA_USAGE = YES_ERROR;
				CLANG_WARN_DOCUMENTATION_COMMENTS = YES;
				CLANG_WARN_EMPTY_BODY = YES;
				CLANG_WARN_ENUM_CONVERSION = YES;
				CLANG_WARN_INFINITE_RECURSION = YES;
				CLANG_WARN_INT_CONVERSION = YES;
				CLANG_WARN_NON_LITERAL_NULL_CONVERSION = YES;
				CLANG_WARN_OBJC_IMPLICIT_RETAIN_SELF = YES;
				CLANG_WARN_OBJC_LITERAL_CONVERSION = YES;
				CLANG_WARN_OBJC_ROOT_CLASS = YES_ERROR;
				CLANG_WARN_QUOTED_INCLUDE_IN_FRAMEWORK_HEADER = YES;
				CLANG_WARN_RANGE_LOOP_ANALYSIS = YES;
				CLANG_WARN_STRICT_PROTOTYPES = YES;
				CLANG_WARN_SUSPICIOUS_MOVE = YES;
				CLANG_WARN_UNGUARDED_AVAILABILITY = YES_AGGRESSIVE;
				CLANG_WARN_UNREACHABLE_CODE = YES;
				CLANG_WARN__DUPLICATE_METHOD_MATCH = YES;
				COPY_PHASE_STRIP = NO;
				DEBUG_INFORMATION_FORMAT = dwarf;
				ENABLE_STRICT_OBJC_MSGSEND = YES;
				ENABLE_TESTABILITY = YES;
				GCC_C_LANGUAGE_STANDARD = gnu11;
				GCC_DYNAMIC_NO_PIC = NO;
				GCC_NO_COMMON_BLOCKS = YES;
				GCC_OPTIMIZATION_LEVEL = 0;
				GCC_PREPROCESSOR_DEFINITIONS = (
					"DEBUG=1",
					"$(inherited)",
				);
				GCC_WARN_64_TO_32_BIT_CONVERSION = YES;
				GCC_WARN_ABOUT_RETURN_TYPE = YES_ERROR;
				GCC_WARN_UNDECLARED_SELECTOR = YES;
				GCC_WARN_UNINITIALIZED_AUTOS = YES_AGGRESSIVE;
				GCC_WARN_UNUSED_FUNCTION = YES;
				GCC_WARN_UNUSED_VARIABLE = YES;
				IPHONEOS_DEPLOYMENT_TARGET = 16.0;
				MTL_ENABLE_DEBUG_INFO = INCLUDE_SOURCE;
				MTL_FAST_MATH = YES;
				ONLY_ACTIVE_ARCH = YES;
				SDKROOT = iphoneos;
				SWIFT_ACTIVE_COMPILATION_CONDITIONS = DEBUG;
				SWIFT_OPTIMIZATION_LEVEL = "-Onone";
			};
			name = Debug;
		};
		7506ACB52903D59800A7A7AE /* Release */ = {
			isa = XCBuildConfiguration;
			buildSettings = {
				ALWAYS_SEARCH_USER_PATHS = NO;
				CLANG_ANALYZER_NONNULL = YES;
				CLANG_ANALYZER_NUMBER_OBJECT_CONVERSION = YES_AGGRESSIVE;
				CLANG_CXX_LANGUAGE_STANDARD = "gnu++20";
				CLANG_ENABLE_MODULES = YES;
				CLANG_ENABLE_OBJC_ARC = YES;
				CLANG_ENABLE_OBJC_WEAK = YES;
				CLANG_WARN_BLOCK_CAPTURE_AUTORELEASING = YES;
				CLANG_WARN_BOOL_CONVERSION = YES;
				CLANG_WARN_COMMA = YES;
				CLANG_WARN_CONSTANT_CONVERSION = YES;
				CLANG_WARN_DEPRECATED_OBJC_IMPLEMENTATIONS = YES;
				CLANG_WARN_DIRECT_OBJC_ISA_USAGE = YES_ERROR;
				CLANG_WARN_DOCUMENTATION_COMMENTS = YES;
				CLANG_WARN_EMPTY_BODY = YES;
				CLANG_WARN_ENUM_CONVERSION = YES;
				CLANG_WARN_INFINITE_RECURSION = YES;
				CLANG_WARN_INT_CONVERSION = YES;
				CLANG_WARN_NON_LITERAL_NULL_CONVERSION = YES;
				CLANG_WARN_OBJC_IMPLICIT_RETAIN_SELF = YES;
				CLANG_WARN_OBJC_LITERAL_CONVERSION = YES;
				CLANG_WARN_OBJC_ROOT_CLASS = YES_ERROR;
				CLANG_WARN_QUOTED_INCLUDE_IN_FRAMEWORK_HEADER = YES;
				CLANG_WARN_RANGE_LOOP_ANALYSIS = YES;
				CLANG_WARN_STRICT_PROTOTYPES = YES;
				CLANG_WARN_SUSPICIOUS_MOVE = YES;
				CLANG_WARN_UNGUARDED_AVAILABILITY = YES_AGGRESSIVE;
				CLANG_WARN_UNREACHABLE_CODE = YES;
				CLANG_WARN__DUPLICATE_METHOD_MATCH = YES;
				COPY_PHASE_STRIP = NO;
				DEBUG_INFORMATION_FORMAT = "dwarf-with-dsym";
				ENABLE_NS_ASSERTIONS = NO;
				ENABLE_STRICT_OBJC_MSGSEND = YES;
				GCC_C_LANGUAGE_STANDARD = gnu11;
				GCC_NO_COMMON_BLOCKS = YES;
				GCC_WARN_64_TO_32_BIT_CONVERSION = YES;
				GCC_WARN_ABOUT_RETURN_TYPE = YES_ERROR;
				GCC_WARN_UNDECLARED_SELECTOR = YES;
				GCC_WARN_UNINITIALIZED_AUTOS = YES_AGGRESSIVE;
				GCC_WARN_UNUSED_FUNCTION = YES;
				GCC_WARN_UNUSED_VARIABLE = YES;
				IPHONEOS_DEPLOYMENT_TARGET = 16.0;
				MTL_ENABLE_DEBUG_INFO = NO;
				MTL_FAST_MATH = YES;
				SDKROOT = iphoneos;
				SWIFT_COMPILATION_MODE = wholemodule;
				SWIFT_OPTIMIZATION_LEVEL = "-O";
				VALIDATE_PRODUCT = YES;
			};
			name = Release;
		};
		7506ACB72903D59800A7A7AE /* Debug */ = {
			isa = XCBuildConfiguration;
			buildSettings = {
				ASSETCATALOG_COMPILER_APPICON_NAME = AppIcon;
				ASSETCATALOG_COMPILER_GLOBAL_ACCENT_COLOR_NAME = AccentColor;
				CODE_SIGN_STYLE = Automatic;
				CURRENT_PROJECT_VERSION = 1;
				DEVELOPMENT_ASSET_PATHS = "\"WatherParis5/Preview Content\"";
				DEVELOPMENT_TEAM = AGZ8525UDZ;
				ENABLE_PREVIEWS = YES;
				GENERATE_INFOPLIST_FILE = YES;
				INFOPLIST_KEY_UIApplicationSceneManifest_Generation = YES;
				INFOPLIST_KEY_UIApplicationSupportsIndirectInputEvents = YES;
				INFOPLIST_KEY_UILaunchScreen_Generation = YES;
				INFOPLIST_KEY_UIStatusBarStyle = "";
				INFOPLIST_KEY_UISupportedInterfaceOrientations = "UIInterfaceOrientationLandscapeRight UIInterfaceOrientationPortrait";
				INFOPLIST_KEY_UISupportedInterfaceOrientations_iPad = UIInterfaceOrientationPortrait;
				LD_RUNPATH_SEARCH_PATHS = (
					"$(inherited)",
					"@executable_path/Frameworks",
				);
				MARKETING_VERSION = 1.0;
				PRODUCT_BUNDLE_IDENTIFIER = fuentes.juan.WatherParis5;
				PRODUCT_NAME = "$(TARGET_NAME)";
				SWIFT_EMIT_LOC_STRINGS = YES;
				SWIFT_VERSION = 5.0;
				TARGETED_DEVICE_FAMILY = "1,2";
			};
			name = Debug;
		};
		7506ACB82903D59800A7A7AE /* Release */ = {
			isa = XCBuildConfiguration;
			buildSettings = {
				ASSETCATALOG_COMPILER_APPICON_NAME = AppIcon;
				ASSETCATALOG_COMPILER_GLOBAL_ACCENT_COLOR_NAME = AccentColor;
				CODE_SIGN_STYLE = Automatic;
				CURRENT_PROJECT_VERSION = 1;
				DEVELOPMENT_ASSET_PATHS = "\"WatherParis5/Preview Content\"";
				DEVELOPMENT_TEAM = AGZ8525UDZ;
				ENABLE_PREVIEWS = YES;
				GENERATE_INFOPLIST_FILE = YES;
				INFOPLIST_KEY_UIApplicationSceneManifest_Generation = YES;
				INFOPLIST_KEY_UIApplicationSupportsIndirectInputEvents = YES;
				INFOPLIST_KEY_UILaunchScreen_Generation = YES;
				INFOPLIST_KEY_UIStatusBarStyle = "";
				INFOPLIST_KEY_UISupportedInterfaceOrientations = "UIInterfaceOrientationLandscapeRight UIInterfaceOrientationPortrait";
				INFOPLIST_KEY_UISupportedInterfaceOrientations_iPad = UIInterfaceOrientationPortrait;
				LD_RUNPATH_SEARCH_PATHS = (
					"$(inherited)",
					"@executable_path/Frameworks",
				);
				MARKETING_VERSION = 1.0;
				PRODUCT_BUNDLE_IDENTIFIER = fuentes.juan.WatherParis5;
				PRODUCT_NAME = "$(TARGET_NAME)";
				SWIFT_EMIT_LOC_STRINGS = YES;
				SWIFT_VERSION = 5.0;
				TARGETED_DEVICE_FAMILY = "1,2";
			};
			name = Release;
		};
		7506ACBA2903D59800A7A7AE /* Debug */ = {
			isa = XCBuildConfiguration;
			buildSettings = {
				ALWAYS_EMBED_SWIFT_STANDARD_LIBRARIES = YES;
				BUNDLE_LOADER = "$(TEST_HOST)";
				CODE_SIGN_STYLE = Automatic;
				CURRENT_PROJECT_VERSION = 1;
				DEVELOPMENT_TEAM = AGZ8525UDZ;
				GENERATE_INFOPLIST_FILE = YES;
				IPHONEOS_DEPLOYMENT_TARGET = 16.0;
				MARKETING_VERSION = 1.0;
				PRODUCT_BUNDLE_IDENTIFIER = fuentes.juan.WatherParis5Tests;
				PRODUCT_NAME = "$(TARGET_NAME)";
				SWIFT_EMIT_LOC_STRINGS = NO;
				SWIFT_VERSION = 5.0;
				TARGETED_DEVICE_FAMILY = "1,2";
				TEST_HOST = "$(BUILT_PRODUCTS_DIR)/WatherParis5.app/$(BUNDLE_EXECUTABLE_FOLDER_PATH)/WatherParis5";
			};
			name = Debug;
		};
		7506ACBB2903D59800A7A7AE /* Release */ = {
			isa = XCBuildConfiguration;
			buildSettings = {
				ALWAYS_EMBED_SWIFT_STANDARD_LIBRARIES = YES;
				BUNDLE_LOADER = "$(TEST_HOST)";
				CODE_SIGN_STYLE = Automatic;
				CURRENT_PROJECT_VERSION = 1;
				DEVELOPMENT_TEAM = AGZ8525UDZ;
				GENERATE_INFOPLIST_FILE = YES;
				IPHONEOS_DEPLOYMENT_TARGET = 16.0;
				MARKETING_VERSION = 1.0;
				PRODUCT_BUNDLE_IDENTIFIER = fuentes.juan.WatherParis5Tests;
				PRODUCT_NAME = "$(TARGET_NAME)";
				SWIFT_EMIT_LOC_STRINGS = NO;
				SWIFT_VERSION = 5.0;
				TARGETED_DEVICE_FAMILY = "1,2";
				TEST_HOST = "$(BUILT_PRODUCTS_DIR)/WatherParis5.app/$(BUNDLE_EXECUTABLE_FOLDER_PATH)/WatherParis5";
			};
			name = Release;
		};
		7506ACBD2903D59800A7A7AE /* Debug */ = {
			isa = XCBuildConfiguration;
			buildSettings = {
				ALWAYS_EMBED_SWIFT_STANDARD_LIBRARIES = YES;
				CODE_SIGN_STYLE = Automatic;
				CURRENT_PROJECT_VERSION = 1;
				DEVELOPMENT_TEAM = AGZ8525UDZ;
				GENERATE_INFOPLIST_FILE = YES;
				MARKETING_VERSION = 1.0;
				PRODUCT_BUNDLE_IDENTIFIER = fuentes.juan.WatherParis5UITests;
				PRODUCT_NAME = "$(TARGET_NAME)";
				SWIFT_EMIT_LOC_STRINGS = NO;
				SWIFT_VERSION = 5.0;
				TARGETED_DEVICE_FAMILY = "1,2";
				TEST_TARGET_NAME = WatherParis5;
			};
			name = Debug;
		};
		7506ACBE2903D59800A7A7AE /* Release */ = {
			isa = XCBuildConfiguration;
			buildSettings = {
				ALWAYS_EMBED_SWIFT_STANDARD_LIBRARIES = YES;
				CODE_SIGN_STYLE = Automatic;
				CURRENT_PROJECT_VERSION = 1;
				DEVELOPMENT_TEAM = AGZ8525UDZ;
				GENERATE_INFOPLIST_FILE = YES;
				MARKETING_VERSION = 1.0;
				PRODUCT_BUNDLE_IDENTIFIER = fuentes.juan.WatherParis5UITests;
				PRODUCT_NAME = "$(TARGET_NAME)";
				SWIFT_EMIT_LOC_STRINGS = NO;
				SWIFT_VERSION = 5.0;
				TARGETED_DEVICE_FAMILY = "1,2";
				TEST_TARGET_NAME = WatherParis5;
			};
			name = Release;
		};
/* End XCBuildConfiguration section */

/* Begin XCConfigurationList section */
		7506AC882903D59600A7A7AE /* Build configuration list for PBXProject "WatherParis5" */ = {
			isa = XCConfigurationList;
			buildConfigurations = (
				7506ACB42903D59800A7A7AE /* Debug */,
				7506ACB52903D59800A7A7AE /* Release */,
			);
			defaultConfigurationIsVisible = 0;
			defaultConfigurationName = Release;
		};
		7506ACB62903D59800A7A7AE /* Build configuration list for PBXNativeTarget "WatherParis5" */ = {
			isa = XCConfigurationList;
			buildConfigurations = (
				7506ACB72903D59800A7A7AE /* Debug */,
				7506ACB82903D59800A7A7AE /* Release */,
			);
			defaultConfigurationIsVisible = 0;
			defaultConfigurationName = Release;
		};
		7506ACB92903D59800A7A7AE /* Build configuration list for PBXNativeTarget "WatherParis5Tests" */ = {
			isa = XCConfigurationList;
			buildConfigurations = (
				7506ACBA2903D59800A7A7AE /* Debug */,
				7506ACBB2903D59800A7A7AE /* Release */,
			);
			defaultConfigurationIsVisible = 0;
			defaultConfigurationName = Release;
		};
		7506ACBC2903D59800A7A7AE /* Build configuration list for PBXNativeTarget "WatherParis5UITests" */ = {
			isa = XCConfigurationList;
			buildConfigurations = (
				7506ACBD2903D59800A7A7AE /* Debug */,
				7506ACBE2903D59800A7A7AE /* Release */,
			);
			defaultConfigurationIsVisible = 0;
			defaultConfigurationName = Release;
		};
/* End XCConfigurationList section */

/* Begin XCRemoteSwiftPackageReference section */
		757BCDB029040E28000B4BD7 /* XCRemoteSwiftPackageReference "Alamofire" */ = {
			isa = XCRemoteSwiftPackageReference;
			repositoryURL = "https://github.com/Alamofire/Alamofire";
			requirement = {
				kind = upToNextMajorVersion;
				minimumVersion = 5.0.0;
			};
		};
		757BCDB4290415D3000B4BD7 /* XCRemoteSwiftPackageReference "Kingfisher" */ = {
			isa = XCRemoteSwiftPackageReference;
			repositoryURL = "https://github.com/onevcat/Kingfisher";
			requirement = {
				kind = upToNextMajorVersion;
				minimumVersion = 7.0.0;
			};
		};
		75CA54C3290F1B5600BE00AA /* XCRemoteSwiftPackageReference "mockingbird" */ = {
			isa = XCRemoteSwiftPackageReference;
			repositoryURL = "https://github.com/birdrides/mockingbird";
			requirement = {
				kind = upToNextMajorVersion;
				minimumVersion = 0.9.0;
			};
		};
		75E27B7C29083BCF00BC7BEE /* XCRemoteSwiftPackageReference "realm-swift" */ = {
			isa = XCRemoteSwiftPackageReference;
			repositoryURL = "https://github.com/realm/realm-swift";
			requirement = {
				branch = master;
				kind = branch;
			};
		};
/* End XCRemoteSwiftPackageReference section */

/* Begin XCSwiftPackageProductDependency section */
		757BCDB129040E28000B4BD7 /* Alamofire */ = {
			isa = XCSwiftPackageProductDependency;
			package = 757BCDB029040E28000B4BD7 /* XCRemoteSwiftPackageReference "Alamofire" */;
			productName = Alamofire;
		};
		757BCDB5290415D4000B4BD7 /* Kingfisher */ = {
			isa = XCSwiftPackageProductDependency;
			package = 757BCDB4290415D3000B4BD7 /* XCRemoteSwiftPackageReference "Kingfisher" */;
			productName = Kingfisher;
		};
		75CA54C7290F1B6100BE00AA /* Mockingbird */ = {
			isa = XCSwiftPackageProductDependency;
			package = 75CA54C3290F1B5600BE00AA /* XCRemoteSwiftPackageReference "mockingbird" */;
			productName = Mockingbird;
		};
		75CA54C9290F1B9D00BE00AA /* Realm */ = {
			isa = XCSwiftPackageProductDependency;
			package = 75E27B7C29083BCF00BC7BEE /* XCRemoteSwiftPackageReference "realm-swift" */;
			productName = Realm;
		};
		75CA54CB290F1BA200BE00AA /* Alamofire */ = {
			isa = XCSwiftPackageProductDependency;
			package = 757BCDB029040E28000B4BD7 /* XCRemoteSwiftPackageReference "Alamofire" */;
			productName = Alamofire;
		};
		75CA54CD290F25BF00BE00AA /* Mockingbird */ = {
			isa = XCSwiftPackageProductDependency;
			package = 75CA54C3290F1B5600BE00AA /* XCRemoteSwiftPackageReference "mockingbird" */;
			productName = Mockingbird;
		};
		75E27B7D29083BCF00BC7BEE /* Realm */ = {
			isa = XCSwiftPackageProductDependency;
			package = 75E27B7C29083BCF00BC7BEE /* XCRemoteSwiftPackageReference "realm-swift" */;
			productName = Realm;
		};
		75E27B7F29083BCF00BC7BEE /* RealmSwift */ = {
			isa = XCSwiftPackageProductDependency;
			package = 75E27B7C29083BCF00BC7BEE /* XCRemoteSwiftPackageReference "realm-swift" */;
			productName = RealmSwift;
		};
/* End XCSwiftPackageProductDependency section */
	};
	rootObject = 7506AC852903D59600A7A7AE /* Project object */;
}
