{"projectHash":"9c52c0b3d8da9257d16906ef497f5828cfcbaf0d","productModuleName":"WatherParis5Tests","mockedTypeNames":["\/Users\/juanfu\/tmp\/apps\/WatherParis5\/WatherParis5\/WatherParis5Tests\/WatherParis5Tests.swift",["DatabaseManager","FetchWeatherAPI"]],"cliVersion":"0.20.0","sourceFilePaths":[{"path":"\/Users\/juanfu\/tmp\/apps\/WatherParis5\/WatherParis5\/MockingbirdMocks\/WatherParis5Tests-WatherParis5Mocks.generated.swift","hash":"16b0bd4e450ff8061722e747a81cc4ce8b5975eb"},{"path":"\/Users\/juanfu\/tmp\/apps\/WatherParis5\/WatherParis5\/WatherParis5Tests\/WatherParis5Tests.swift","hash":"b58429f490a1949f7c2fa8f007ec13b48aabccb3"}],"sourceRoot":"\/Users\/juanfu\/tmp\/apps\/WatherParis5\/WatherParis5","dependencies":[],"name":"WatherParis5Tests"}