{"cliVersion":"0.20.0","productModuleName":"WatherParis5","sourceFilePaths":[{"path":"\/Users\/juanfu\/tmp\/apps\/WatherParis5\/WatherParis5\/WatherParis5\/ContentView.swift","hash":"2982097eba3adc20b368fa2c8ea24240eb3841bf"},{"path":"\/Users\/juanfu\/tmp\/apps\/WatherParis5\/WatherParis5\/WatherParis5\/WatherParis5App.swift","hash":"2738a60690f662d40d20f39b3e723238969619ff"},{"path":"\/Users\/juanfu\/tmp\/apps\/WatherParis5\/WatherParis5\/WatherParis5\/businessobjects\/CityBO.swift","hash":"b9fe46ccec03d4a1e3cf096144a062f6a14374b1"},{"path":"\/Users\/juanfu\/tmp\/apps\/WatherParis5\/WatherParis5\/WatherParis5\/businessobjects\/CloudsBO.swift","hash":"a8e8fea1bc934ca1f1c141e9e1fdb55650365cd6"},{"path":"\/Users\/juanfu\/tmp\/apps\/WatherParis5\/WatherParis5\/WatherParis5\/businessobjects\/CoordinateBO.swift","hash":"b9df1b5f8300a7382dd58007c5bafcc6f8e53275"},{"path":"\/Users\/juanfu\/tmp\/apps\/WatherParis5\/WatherParis5\/WatherParis5\/businessobjects\/MainBO.swift","hash":"7c6995a9b13847c481fd5a58e457c7753417dd49"},{"path":"\/Users\/juanfu\/tmp\/apps\/WatherParis5\/WatherParis5\/WatherParis5\/businessobjects\/ResponseBO.swift","hash":"f786c824aca3fa473cc59b4b308107aaf5aaec55"},{"path":"\/Users\/juanfu\/tmp\/apps\/WatherParis5\/WatherParis5\/WatherParis5\/businessobjects\/SysBO.swift","hash":"02183556b4476a24c78b456a65356177d6bab76d"},{"path":"\/Users\/juanfu\/tmp\/apps\/WatherParis5\/WatherParis5\/WatherParis5\/businessobjects\/WeatherBO.swift","hash":"f3e1ae7e65e0de120312bfb0a22ee4d49f5e48af"},{"path":"\/Users\/juanfu\/tmp\/apps\/WatherParis5\/WatherParis5\/WatherParis5\/businessobjects\/WeatherListItemBO.swift","hash":"548f88e03cc4ea76119f15b6e4034f4e231e9363"},{"path":"\/Users\/juanfu\/tmp\/apps\/WatherParis5\/WatherParis5\/WatherParis5\/businessobjects\/WindBO.swift","hash":"b09f7204a8c5c1459d11872186d7f504112c3689"},{"path":"\/Users\/juanfu\/tmp\/apps\/WatherParis5\/WatherParis5\/WatherParis5\/repository\/Api\/APIConstants\/APIConstants.swift","hash":"5084dd27b19df60fb14db70365dd293f1b050ae2"},{"path":"\/Users\/juanfu\/tmp\/apps\/WatherParis5\/WatherParis5\/WatherParis5\/repository\/Api\/Calls\/FetchWeatherAPI.swift","hash":"ade8827083c40e320be0cdd74009737ebe5793cf"},{"path":"\/Users\/juanfu\/tmp\/apps\/WatherParis5\/WatherParis5\/WatherParis5\/repository\/Api\/DTO\/CityDTO.swift","hash":"b37dac00a8f209d194a1e889e4a4b44bf4bffbcd"},{"path":"\/Users\/juanfu\/tmp\/apps\/WatherParis5\/WatherParis5\/WatherParis5\/repository\/Api\/DTO\/CloudsDTO.swift","hash":"e5bd59d75016c09d29b358f38ee1e0a5472efb80"},{"path":"\/Users\/juanfu\/tmp\/apps\/WatherParis5\/WatherParis5\/WatherParis5\/repository\/Api\/DTO\/CoordinateDTO.swift","hash":"96c9da86aa1492a28aef0796116108bf308d4167"},{"path":"\/Users\/juanfu\/tmp\/apps\/WatherParis5\/WatherParis5\/WatherParis5\/repository\/Api\/DTO\/MainDTO.swift","hash":"6aec900ad522aae9b280ec7956bfaaa8f213aee4"},{"path":"\/Users\/juanfu\/tmp\/apps\/WatherParis5\/WatherParis5\/WatherParis5\/repository\/Api\/DTO\/ResponseDTO.swift","hash":"4fd2c758eaa3c1174e80a35bd6729e9225c6b419"},{"path":"\/Users\/juanfu\/tmp\/apps\/WatherParis5\/WatherParis5\/WatherParis5\/repository\/Api\/DTO\/SysDTO.swift","hash":"241d46fcc75177598a0e03c39c7d0fee311ccdba"},{"path":"\/Users\/juanfu\/tmp\/apps\/WatherParis5\/WatherParis5\/WatherParis5\/repository\/Api\/DTO\/WeatherDTO.swift","hash":"f561bd2d74f9ee6dc22172249d60c06079b408b3"},{"path":"\/Users\/juanfu\/tmp\/apps\/WatherParis5\/WatherParis5\/WatherParis5\/repository\/Api\/DTO\/WeatherListItemDTO.swift","hash":"d63f43d95dd64268138a23646cab1b70f2df8a97"},{"path":"\/Users\/juanfu\/tmp\/apps\/WatherParis5\/WatherParis5\/WatherParis5\/repository\/Api\/DTO\/WindDTO.swift","hash":"4459e8903b16a26b7631f8efbb83ab6f527d8823"},{"path":"\/Users\/juanfu\/tmp\/apps\/WatherParis5\/WatherParis5\/WatherParis5\/repository\/WeatherInfoRepository.swift","hash":"794d4befbe13e86d020959f9fb192289ca109ec7"},{"path":"\/Users\/juanfu\/tmp\/apps\/WatherParis5\/WatherParis5\/WatherParis5\/repository\/database\/DBMappers.swift","hash":"38fc2f2b7c7de498a0e3124e09b92dd6c9477916"},{"path":"\/Users\/juanfu\/tmp\/apps\/WatherParis5\/WatherParis5\/WatherParis5\/repository\/database\/DBModels\/DBModels.swift","hash":"09ab9fc84384cf63fde6cdf0de32fc734533c1f5"},{"path":"\/Users\/juanfu\/tmp\/apps\/WatherParis5\/WatherParis5\/WatherParis5\/repository\/database\/Database.swift","hash":"58d6f5d0dfb88d66c40386eda0f3912f0714d1a9"},{"path":"\/Users\/juanfu\/tmp\/apps\/WatherParis5\/WatherParis5\/WatherParis5\/ui\/homeScene\/HomeModel.swift","hash":"87230c654947ba3a17a0776d52d07fbecca4c8ee"},{"path":"\/Users\/juanfu\/tmp\/apps\/WatherParis5\/WatherParis5\/WatherParis5\/ui\/homeScene\/HomeView.swift","hash":"50fa5a1a3417ba027241d7d935563648b92581cd"},{"path":"\/Users\/juanfu\/tmp\/apps\/WatherParis5\/WatherParis5\/WatherParis5\/ui\/homeScene\/HomeViewModel.swift","hash":"0418ba9b09a630199b11fd9b846ca92cda497ae1"},{"path":"\/Users\/juanfu\/tmp\/apps\/WatherParis5\/WatherParis5\/WatherParis5\/ui\/homeScene\/subviews\/DayCellView.swift","hash":"be4a8ed302630da3ef0e41f1f723f104ff2fa44c"},{"path":"\/Users\/juanfu\/tmp\/apps\/WatherParis5\/WatherParis5\/WatherParis5\/ui\/homeScene\/subviews\/DetailView.swift","hash":"97172d3eaacc5990800cd82ece718f03a515b267"}],"configHash":"32adaeb9d28d377a2dd988435ee4f9a983fb9c83","dependencyPathsHash":"b869818359f5791d437a617b7e1c4c317699d7ed","targetPathsHash":"601c73011438b643f8508ec7840897676cc17d0a","mockedTypesHash":"abf1531d6c6eb515a1915f872a136ae1e7bfc21c","outputHash":"16b0bd4e450ff8061722e747a81cc4ce8b5975eb","dependencies":[],"sourceRoot":"\/Users\/juanfu\/tmp\/apps\/WatherParis5\/WatherParis5","supportingFilePaths":[{"path":"\/Users\/juanfu\/tmp\/apps\/WatherParis5\/WatherParis5\/MockingbirdSupport\/AppKit\/NSResponder.swift","hash":"21296949c6d570892c8665a450e62c234c938790"},{"path":"\/Users\/juanfu\/tmp\/apps\/WatherParis5\/WatherParis5\/MockingbirdSupport\/AppKit\/NSView.swift","hash":"85b3183be144012a7e105e292426c3d9f8966072"},{"path":"\/Users\/juanfu\/tmp\/apps\/WatherParis5\/WatherParis5\/MockingbirdSupport\/AppKit\/NSViewController.swift","hash":"d8785e8a119f2723c8840534df0ad8ac61409797"},{"path":"\/Users\/juanfu\/tmp\/apps\/WatherParis5\/WatherParis5\/MockingbirdSupport\/Foundation\/ObjectiveC\/NSObject.swift","hash":"cf466772b8c2d80d31f34b93b501b398fbb8854d"},{"path":"\/Users\/juanfu\/tmp\/apps\/WatherParis5\/WatherParis5\/MockingbirdSupport\/Foundation\/ObjectiveC\/NSObject.swift","hash":"cf466772b8c2d80d31f34b93b501b398fbb8854d"},{"path":"\/Users\/juanfu\/tmp\/apps\/WatherParis5\/WatherParis5\/MockingbirdSupport\/Swift\/Codable.swift","hash":"57675d8b36a2db7b093b3542bd3225a88992c3bc"},{"path":"\/Users\/juanfu\/tmp\/apps\/WatherParis5\/WatherParis5\/MockingbirdSupport\/Swift\/Comparable.swift","hash":"d0d110744eeaf2f8fdd2f8a41df3452f35286bb7"},{"path":"\/Users\/juanfu\/tmp\/apps\/WatherParis5\/WatherParis5\/MockingbirdSupport\/Swift\/Equatable.swift","hash":"2e7674f4e23a5ab7aef45b91b63c0ed5934c3b83"},{"path":"\/Users\/juanfu\/tmp\/apps\/WatherParis5\/WatherParis5\/MockingbirdSupport\/Swift\/Hashable.swift","hash":"f59ec249aa03e312f2bda7c3b397c0dccd880a21"},{"path":"\/Users\/juanfu\/tmp\/apps\/WatherParis5\/WatherParis5\/MockingbirdSupport\/Swift\/Misc.swift","hash":"c139249ec5799f1ec64c3d9e7d8c1f286b894035"},{"path":"\/Users\/juanfu\/tmp\/apps\/WatherParis5\/WatherParis5\/MockingbirdSupport\/UIKit\/UIControl.swift","hash":"9363a4c38002598dbbc1198f16fe7198b8151d24"},{"path":"\/Users\/juanfu\/tmp\/apps\/WatherParis5\/WatherParis5\/MockingbirdSupport\/UIKit\/UILabel.swift","hash":"e26a734695bfe008598ed0d8c936683db78f40ac"},{"path":"\/Users\/juanfu\/tmp\/apps\/WatherParis5\/WatherParis5\/MockingbirdSupport\/UIKit\/UIView.swift","hash":"10e6b03a9c5a76f720c17fcb82af82ff66994926"},{"path":"\/Users\/juanfu\/tmp\/apps\/WatherParis5\/WatherParis5\/MockingbirdSupport\/UIKit\/UIViewController.swift","hash":"bbd8980a22029f339b0e8746124fd06d94730570"}],"name":"WatherParis5","projectHash":"9c52c0b3d8da9257d16906ef497f5828cfcbaf0d"}